
Microsoft Visual Studio Solution File, Format Version 12.00
# Visual Studio Version 18
VisualStudioVersion = 18.10.12210.168
MinimumVisualStudioVersion = 10.0.40219.1
Project("{FAE04EC0-301F-11D3-BF4B-00C04F79EFBC}") = "12-09-2026", "12-09-2026\12-09-2026.csproj", "{3AB0AB74-F671-4843-BDCE-B8E5B1DFE930}"
EndProject
Project("{FAE04EC0-301F-11D3-BF4B-00C04F79EFBC}") = "ElektronikAletler", "ElektronikAletler\ElektronikAletler.csproj", "{EA3285FE-7EAA-4480-839D-606571088C97}"
EndProject
Project("{FAE04EC0-301F-11D3-BF4B-00C04F79EFBC}") = "Cloks", "Cloks\Cloks.csproj", "{CC291086-9EE1-4D35-A166-1E502124B650}"
EndProject
Project("{2150E333-8FDC-42A3-9474-1A3956D46DE8}") = "Solution Items", "Solution Items", "{02EA681E-C7D8-13C7-8484-4AC65E1B71E8}"
	ProjectSection(SolutionItems) = preProject
		.editorconfig = .editorconfig
	EndProjectSection
EndProject
Project("{FAE04EC0-301F-11D3-BF4B-00C04F79EFBC}") = "Abstraction", "Abstraction\Abstraction.csproj", "{57626130-9C56-4313-A276-D8D9E72232BC}"
EndProject
Project("{FAE04EC0-301F-11D3-BF4B-00C04F79EFBC}") = "Interfaces", "Interfaces\Interfaces.csproj", "{95C8E4B7-26DE-4CF2-9141-EA24067EC9AE}"
EndProject
Project("{FAE04EC0-301F-11D3-BF4B-00C04F79EFBC}") = "Polimorfism", "Polimorfism\Polimorfism.csproj", "{DC6674B8-5137-40FB-A4DB-E4895A681DF7}"
EndProject
Project("{FAE04EC0-301F-11D3-BF4B-00C04F79EFBC}") = "FotoSipsak", "FotoSipsak\FotoSipsak.csproj", "{D7563169-33C6-4573-8E4A-B04671869F0F}"
EndProject
Project("{FAE04EC0-301F-11D3-BF4B-00C04F79EFBC}") = "Generics", "Generics\Generics.csproj", "{AC4160DA-6A92-4C27-898E-4C005C1BE2B3}"
EndProject
Project("{FAE04EC0-301F-11D3-BF4B-00C04F79EFBC}") = "SavasOyunu", "SavasOyunu\SavasOyunu.csproj", "{B7F07E66-5CF8-434F-9845-621466860404}"
EndProject
Project("{FAE04EC0-301F-11D3-BF4B-00C04F79EFBC}") = "GenericsDevam", "GenericsDevam\GenericsDevam.csproj", "{DCA2F2E6-3EC3-44B1-B023-1A885FE38803}"
EndProject
Project("{FAE04EC0-301F-11D3-BF4B-00C04F79EFBC}") = "Collections", "Collections\Collections.csproj", "{BA597425-2BD0-47F3-8F27-6DF4D02C3AC7}"
EndProject
Project("{FAE04EC0-301F-11D3-BF4B-00C04F79EFBC}") = "Collections2", "Collections2\Collections2.csproj", "{79EA6DF8-79AE-4039-B3E7-71AFD4411F67}"
EndProject
Project("{FAE04EC0-301F-11D3-BF4B-00C04F79EFBC}") = "Collections3", "Generics3\Collections3.csproj", "{16CE39F2-086F-4499-877F-C03DD077BA87}"
EndProject
Project("{FAE04EC0-301F-11D3-BF4B-00C04F79EFBC}") = "Collections4", "Collections4\Collections4.csproj", "{EF2976D6-D3DE-43BD-A14D-F44B38FAD75F}"
EndProject
Global
	GlobalSection(SolutionConfigurationPlatforms) = preSolution
		Debug|Any CPU = Debug|Any CPU
		Release|Any CPU = Release|Any CPU
	EndGlobalSection
	GlobalSection(ProjectConfigurationPlatforms) = postSolution
		{3AB0AB74-F671-4843-BDCE-B8E5B1DFE930}.Debug|Any CPU.ActiveCfg = Debug|Any CPU
		{3AB0AB74-F671-4843-BDCE-B8E5B1DFE930}.Debug|Any CPU.Build.0 = Debug|Any CPU
		{3AB0AB74-F671-4843-BDCE-B8E5B1DFE930}.Release|Any CPU.ActiveCfg = Release|Any CPU
		{3AB0AB74-F671-4843-BDCE-B8E5B1DFE930}.Release|Any CPU.Build.0 = Release|Any CPU
		{EA3285FE-7EAA-4480-839D-606571088C97}.Debug|Any CPU.ActiveCfg = Debug|Any CPU
		{EA3285FE-7EAA-4480-839D-606571088C97}.Debug|Any CPU.Build.0 = Debug|Any CPU
		{EA3285FE-7EAA-4480-839D-606571088C97}.Release|Any CPU.ActiveCfg = Release|Any CPU
		{EA3285FE-7EAA-4480-839D-606571088C97}.Release|Any CPU.Build.0 = Release|Any CPU
		{CC291086-9EE1-4D35-A166-1E502124B650}.Debug|Any CPU.ActiveCfg = Debug|Any CPU
		{CC291086-9EE1-4D35-A166-1E502124B650}.Debug|Any CPU.Build.0 = Debug|Any CPU
		{CC291086-9EE1-4D35-A166-1E502124B650}.Release|Any CPU.ActiveCfg = Release|Any CPU
		{CC291086-9EE1-4D35-A166-1E502124B650}.Release|Any CPU.Build.0 = Release|Any CPU
		{57626130-9C56-4313-A276-D8D9E72232BC}.Debug|Any CPU.ActiveCfg = Debug|Any CPU
		{57626130-9C56-4313-A276-D8D9E72232BC}.Debug|Any CPU.Build.0 = Debug|Any CPU
		{57626130-9C56-4313-A276-D8D9E72232BC}.Release|Any CPU.ActiveCfg = Release|Any CPU
		{57626130-9C56-4313-A276-D8D9E72232BC}.Release|Any CPU.Build.0 = Release|Any CPU
		{95C8E4B7-26DE-4CF2-9141-EA24067EC9AE}.Debug|Any CPU.ActiveCfg = Debug|Any CPU
		{95C8E4B7-26DE-4CF2-9141-EA24067EC9AE}.Debug|Any CPU.Build.0 = Debug|Any CPU
		{95C8E4B7-26DE-4CF2-9141-EA24067EC9AE}.Release|Any CPU.ActiveCfg = Release|Any CPU
		{95C8E4B7-26DE-4CF2-9141-EA24067EC9AE}.Release|Any CPU.Build.0 = Release|Any CPU
		{DC6674B8-5137-40FB-A4DB-E4895A681DF7}.Debug|Any CPU.ActiveCfg = Debug|Any CPU
		{DC6674B8-5137-40FB-A4DB-E4895A681DF7}.Debug|Any CPU.Build.0 = Debug|Any CPU
		{DC6674B8-5137-40FB-A4DB-E4895A681DF7}.Release|Any CPU.ActiveCfg = Release|Any CPU
		{DC6674B8-5137-40FB-A4DB-E4895A681DF7}.Release|Any CPU.Build.0 = Release|Any CPU
		{D7563169-33C6-4573-8E4A-B04671869F0F}.Debug|Any CPU.ActiveCfg = Debug|Any CPU
		{D7563169-33C6-4573-8E4A-B04671869F0F}.Debug|Any CPU.Build.0 = Debug|Any CPU
		{D7563169-33C6-4573-8E4A-B04671869F0F}.Release|Any CPU.ActiveCfg = Release|Any CPU
		{D7563169-33C6-4573-8E4A-B04671869F0F}.Release|Any CPU.Build.0 = Release|Any CPU
		{AC4160DA-6A92-4C27-898E-4C005C1BE2B3}.Debug|Any CPU.ActiveCfg = Debug|Any CPU
		{AC4160DA-6A92-4C27-898E-4C005C1BE2B3}.Debug|Any CPU.Build.0 = Debug|Any CPU
		{AC4160DA-6A92-4C27-898E-4C005C1BE2B3}.Release|Any CPU.ActiveCfg = Release|Any CPU
		{AC4160DA-6A92-4C27-898E-4C005C1BE2B3}.Release|Any CPU.Build.0 = Release|Any CPU
		{B7F07E66-5CF8-434F-9845-621466860404}.Debug|Any CPU.ActiveCfg = Debug|Any CPU
		{B7F07E66-5CF8-434F-9845-621466860404}.Debug|Any CPU.Build.0 = Debug|Any CPU
		{B7F07E66-5CF8-434F-9845-621466860404}.Release|Any CPU.ActiveCfg = Release|Any CPU
		{B7F07E66-5CF8-434F-9845-621466860404}.Release|Any CPU.Build.0 = Release|Any CPU
		{DCA2F2E6-3EC3-44B1-B023-1A885FE38803}.Debug|Any CPU.ActiveCfg = Debug|Any CPU
		{DCA2F2E6-3EC3-44B1-B023-1A885FE38803}.Debug|Any CPU.Build.0 = Debug|Any CPU
		{DCA2F2E6-3EC3-44B1-B023-1A885FE38803}.Release|Any CPU.ActiveCfg = Release|Any CPU
		{DCA2F2E6-3EC3-44B1-B023-1A885FE38803}.Release|Any CPU.Build.0 = Release|Any CPU
		{BA597425-2BD0-47F3-8F27-6DF4D02C3AC7}.Debug|Any CPU.ActiveCfg = Debug|Any CPU
		{BA597425-2BD0-47F3-8F27-6DF4D02C3AC7}.Debug|Any CPU.Build.0 = Debug|Any CPU
		{BA597425-2BD0-47F3-8F27-6DF4D02C3AC7}.Release|Any CPU.ActiveCfg = Release|Any CPU
		{BA597425-2BD0-47F3-8F27-6DF4D02C3AC7}.Release|Any CPU.Build.0 = Release|Any CPU
		{79EA6DF8-79AE-4039-B3E7-71AFD4411F67}.Debug|Any CPU.ActiveCfg = Debug|Any CPU
		{79EA6DF8-79AE-4039-B3E7-71AFD4411F67}.Debug|Any CPU.Build.0 = Debug|Any CPU
		{79EA6DF8-79AE-4039-B3E7-71AFD4411F67}.Release|Any CPU.ActiveCfg = Release|Any CPU
		{79EA6DF8-79AE-4039-B3E7-71AFD4411F67}.Release|Any CPU.Build.0 = Release|Any CPU
		{16CE39F2-086F-4499-877F-C03DD077BA87}.Debug|Any CPU.ActiveCfg = Debug|Any CPU
		{16CE39F2-086F-4499-877F-C03DD077BA87}.Debug|Any CPU.Build.0 = Debug|Any CPU
		{16CE39F2-086F-4499-877F-C03DD077BA87}.Release|Any CPU.ActiveCfg = Release|Any CPU
		{16CE39F2-086F-4499-877F-C03DD077BA87}.Release|Any CPU.Build.0 = Release|Any CPU
		{EF2976D6-D3DE-43BD-A14D-F44B38FAD75F}.Debug|Any CPU.ActiveCfg = Debug|Any CPU
		{EF2976D6-D3DE-43BD-A14D-F44B38FAD75F}.Debug|Any CPU.Build.0 = Debug|Any CPU
		{EF2976D6-D3DE-43BD-A14D-F44B38FAD75F}.Release|Any CPU.ActiveCfg = Release|Any CPU
		{EF2976D6-D3DE-43BD-A14D-F44B38FAD75F}.Release|Any CPU.Build.0 = Release|Any CPU
	EndGlobalSection
	GlobalSection(SolutionProperties) = preSolution
		HideSolutionNode = FALSE
	EndGlobalSection
	GlobalSection(ExtensibilityGlobals) = postSolution
		SolutionGuid = {DDC5DCE6-4CDB-4B6A-BFE3-94453E2DBA8E}
	EndGlobalSection
EndGlobal
